
Microsoft Visual Studio Solution File, Format Version 12.00
# Visual Studio Version 17
VisualStudioVersion = 17.14.36121.58
MinimumVisualStudioVersion = 10.0.40219.1
Project("{FAE04EC0-301F-11D3-BF4B-00C04F79EFBC}") = "Common", "Common\Common.csproj", "{0C0F451F-6273-4486-97AC-EBB2DC1D3355}"
EndProject
Project("{FAE04EC0-301F-11D3-BF4B-00C04F79EFBC}") = "DisputeRecSystem", "DisputeRecSystem\DisputeRecSystem.csproj", "{B246207B-0BF7-483F-9C14-51103C72AA07}"
EndProject
Project("{FAE04EC0-301F-11D3-BF4B-00C04F79EFBC}") = "DataService", "DataService\DataService.csproj", "{2B2ACDC9-4732-4504-BEC9-15338F5EEB90}"
EndProject
Project("{FAE04EC0-301F-11D3-BF4B-00C04F79EFBC}") = "FileImport", "FileImport\FileImport.csproj", "{20A41E08-72C0-45B6-BF81-A1B64933ECF2}"
EndProject
Global
	GlobalSection(SolutionConfigurationPlatforms) = preSolution
		Debug|Any CPU = Debug|Any CPU
		Release|Any CPU = Release|Any CPU
	EndGlobalSection
	GlobalSection(ProjectConfigurationPlatforms) = postSolution
		{0C0F451F-6273-4486-97AC-EBB2DC1D3355}.Debug|Any CPU.ActiveCfg = Debug|Any CPU
		{0C0F451F-6273-4486-97AC-EBB2DC1D3355}.Debug|Any CPU.Build.0 = Debug|Any CPU
		{0C0F451F-6273-4486-97AC-EBB2DC1D3355}.Release|Any CPU.ActiveCfg = Release|Any CPU
		{0C0F451F-6273-4486-97AC-EBB2DC1D3355}.Release|Any CPU.Build.0 = Release|Any CPU
		{B246207B-0BF7-483F-9C14-51103C72AA07}.Debug|Any CPU.ActiveCfg = Debug|Any CPU
		{B246207B-0BF7-483F-9C14-51103C72AA07}.Debug|Any CPU.Build.0 = Debug|Any CPU
		{B246207B-0BF7-483F-9C14-51103C72AA07}.Release|Any CPU.ActiveCfg = Release|Any CPU
		{B246207B-0BF7-483F-9C14-51103C72AA07}.Release|Any CPU.Build.0 = Release|Any CPU
		{2B2ACDC9-4732-4504-BEC9-15338F5EEB90}.Debug|Any CPU.ActiveCfg = Debug|Any CPU
		{2B2ACDC9-4732-4504-BEC9-15338F5EEB90}.Debug|Any CPU.Build.0 = Debug|Any CPU
		{2B2ACDC9-4732-4504-BEC9-15338F5EEB90}.Release|Any CPU.ActiveCfg = Release|Any CPU
		{2B2ACDC9-4732-4504-BEC9-15338F5EEB90}.Release|Any CPU.Build.0 = Release|Any CPU
		{20A41E08-72C0-45B6-BF81-A1B64933ECF2}.Debug|Any CPU.ActiveCfg = Debug|Any CPU
		{20A41E08-72C0-45B6-BF81-A1B64933ECF2}.Debug|Any CPU.Build.0 = Debug|Any CPU
		{20A41E08-72C0-45B6-BF81-A1B64933ECF2}.Release|Any CPU.ActiveCfg = Release|Any CPU
		{20A41E08-72C0-45B6-BF81-A1B64933ECF2}.Release|Any CPU.Build.0 = Release|Any CPU
	EndGlobalSection
	GlobalSection(SolutionProperties) = preSolution
		HideSolutionNode = FALSE
	EndGlobalSection
	GlobalSection(ExtensibilityGlobals) = postSolution
		SolutionGuid = {4D52FCA3-F059-426A-9E78-A0015A893D4A}
	EndGlobalSection
EndGlobal
